
Microsoft Visual Studio Solution File, Format Version 11.00
# Visual Studio 2010
Project("{F184B08F-C81C-45F6-A57F-5ABD9991F28F}") = "Configurator", "Configurator\Configurator.vbproj", "{4CA6BEEE-4BD1-4BC5-BED6-5008D9EB9E51}"
EndProject
Project("{F184B08F-C81C-45F6-A57F-5ABD9991F28F}") = "Energize", "Energize\Energize.vbproj", "{AF6C4FBA-28D1-4961-8AB9-29C25B449F30}"
EndProject
Project("{54435603-DBB4-11D2-8724-00A0C9A8B90C}") = "Energize Installer", "Energize Installer\Energize Installer.vdproj", "{1A9BFAEB-4141-4280-8C16-4AE93D72B891}"
EndProject
Project("{FAE04EC0-301F-11D3-BF4B-00C04F79EFBC}") = "ConsoleApplication1", "..\Listener\ConsoleApplication1\ConsoleApplication1\ConsoleApplication1.csproj", "{3BE122AF-56AC-4BAD-BDB8-DD301E5334E0}"
EndProject
Global
	GlobalSection(SolutionConfigurationPlatforms) = preSolution
		Debug|Any CPU = Debug|Any CPU
		Debug|Mixed Platforms = Debug|Mixed Platforms
		Debug|x86 = Debug|x86
		Release|Any CPU = Release|Any CPU
		Release|Mixed Platforms = Release|Mixed Platforms
		Release|x86 = Release|x86
	EndGlobalSection
	GlobalSection(ProjectConfigurationPlatforms) = postSolution
		{4CA6BEEE-4BD1-4BC5-BED6-5008D9EB9E51}.Debug|Any CPU.ActiveCfg = Debug|x86
		{4CA6BEEE-4BD1-4BC5-BED6-5008D9EB9E51}.Debug|Mixed Platforms.ActiveCfg = Debug|x86
		{4CA6BEEE-4BD1-4BC5-BED6-5008D9EB9E51}.Debug|Mixed Platforms.Build.0 = Debug|x86
		{4CA6BEEE-4BD1-4BC5-BED6-5008D9EB9E51}.Debug|x86.ActiveCfg = Debug|x86
		{4CA6BEEE-4BD1-4BC5-BED6-5008D9EB9E51}.Debug|x86.Build.0 = Debug|x86
		{4CA6BEEE-4BD1-4BC5-BED6-5008D9EB9E51}.Release|Any CPU.ActiveCfg = Release|x86
		{4CA6BEEE-4BD1-4BC5-BED6-5008D9EB9E51}.Release|Mixed Platforms.ActiveCfg = Release|x86
		{4CA6BEEE-4BD1-4BC5-BED6-5008D9EB9E51}.Release|Mixed Platforms.Build.0 = Release|x86
		{4CA6BEEE-4BD1-4BC5-BED6-5008D9EB9E51}.Release|x86.ActiveCfg = Release|x86
		{4CA6BEEE-4BD1-4BC5-BED6-5008D9EB9E51}.Release|x86.Build.0 = Release|x86
		{AF6C4FBA-28D1-4961-8AB9-29C25B449F30}.Debug|Any CPU.ActiveCfg = Debug|x86
		{AF6C4FBA-28D1-4961-8AB9-29C25B449F30}.Debug|Mixed Platforms.ActiveCfg = Debug|x86
		{AF6C4FBA-28D1-4961-8AB9-29C25B449F30}.Debug|Mixed Platforms.Build.0 = Debug|x86
		{AF6C4FBA-28D1-4961-8AB9-29C25B449F30}.Debug|x86.ActiveCfg = Debug|x86
		{AF6C4FBA-28D1-4961-8AB9-29C25B449F30}.Debug|x86.Build.0 = Debug|x86
		{AF6C4FBA-28D1-4961-8AB9-29C25B449F30}.Release|Any CPU.ActiveCfg = Release|x86
		{AF6C4FBA-28D1-4961-8AB9-29C25B449F30}.Release|Mixed Platforms.ActiveCfg = Release|x86
		{AF6C4FBA-28D1-4961-8AB9-29C25B449F30}.Release|Mixed Platforms.Build.0 = Release|x86
		{AF6C4FBA-28D1-4961-8AB9-29C25B449F30}.Release|x86.ActiveCfg = Release|x86
		{AF6C4FBA-28D1-4961-8AB9-29C25B449F30}.Release|x86.Build.0 = Release|x86
		{1A9BFAEB-4141-4280-8C16-4AE93D72B891}.Debug|Any CPU.ActiveCfg = Debug
		{1A9BFAEB-4141-4280-8C16-4AE93D72B891}.Debug|Mixed Platforms.ActiveCfg = Debug
		{1A9BFAEB-4141-4280-8C16-4AE93D72B891}.Debug|x86.ActiveCfg = Debug
		{1A9BFAEB-4141-4280-8C16-4AE93D72B891}.Release|Any CPU.ActiveCfg = Release
		{1A9BFAEB-4141-4280-8C16-4AE93D72B891}.Release|Mixed Platforms.ActiveCfg = Release
		{1A9BFAEB-4141-4280-8C16-4AE93D72B891}.Release|x86.ActiveCfg = Release
		{3BE122AF-56AC-4BAD-BDB8-DD301E5334E0}.Debug|Any CPU.ActiveCfg = Debug|x86
		{3BE122AF-56AC-4BAD-BDB8-DD301E5334E0}.Debug|Mixed Platforms.ActiveCfg = Debug|x86
		{3BE122AF-56AC-4BAD-BDB8-DD301E5334E0}.Debug|Mixed Platforms.Build.0 = Debug|x86
		{3BE122AF-56AC-4BAD-BDB8-DD301E5334E0}.Debug|x86.ActiveCfg = Debug|x86
		{3BE122AF-56AC-4BAD-BDB8-DD301E5334E0}.Debug|x86.Build.0 = Debug|x86
		{3BE122AF-56AC-4BAD-BDB8-DD301E5334E0}.Release|Any CPU.ActiveCfg = Release|x86
		{3BE122AF-56AC-4BAD-BDB8-DD301E5334E0}.Release|Mixed Platforms.ActiveCfg = Release|x86
		{3BE122AF-56AC-4BAD-BDB8-DD301E5334E0}.Release|Mixed Platforms.Build.0 = Release|x86
		{3BE122AF-56AC-4BAD-BDB8-DD301E5334E0}.Release|x86.ActiveCfg = Release|x86
		{3BE122AF-56AC-4BAD-BDB8-DD301E5334E0}.Release|x86.Build.0 = Release|x86
	EndGlobalSection
	GlobalSection(SolutionProperties) = preSolution
		HideSolutionNode = FALSE
	EndGlobalSection
EndGlobal
